<?xml version="1.0" encoding="utf-8"?>
<Project ToolsVersion="4.0" xmlns="http://schemas.microsoft.com/developer/msbuild/2003">
  <ItemGroup>
    <Filter Include="Private">
      <UniqueIdentifier>{001F8D23-6CFE-0BBF-7516-9795E1747220}</UniqueIdentifier>
    </Filter>
    <Filter Include="Private\ImGui">
      <UniqueIdentifier>{2AD4B099-9694-2CD0-5FCF-754DCB4E71AC}</UniqueIdentifier>
    </Filter>
    <Filter Include="Private\Layers">
      <UniqueIdentifier>{BFD50CD6-ABA3-00DC-9437-710280A4DC40}</UniqueIdentifier>
    </Filter>
    <Filter Include="Private\Windows">
      <UniqueIdentifier>{3AC949F8-A654-B7BC-AF65-3AB11B7013BD}</UniqueIdentifier>
    </Filter>
    <Filter Include="Public">
      <UniqueIdentifier>{8480F8CA-7022-23A1-59DD-36F5451EAAF1}</UniqueIdentifier>
    </Filter>
    <Filter Include="Public\EventData">
      <UniqueIdentifier>{0FADE470-FBA5-03C3-24D8-E8471030E3CE}</UniqueIdentifier>
    </Filter>
    <Filter Include="Public\Events">
      <UniqueIdentifier>{E8EFCF4B-54B0-4B82-1DEB-94FF896A905E}</UniqueIdentifier>
    </Filter>
    <Filter Include="Public\ImGui">
      <UniqueIdentifier>{AE486867-9AAB-F70B-4331-30C22F73C38E}</UniqueIdentifier>
    </Filter>
    <Filter Include="Public\Layers">
      <UniqueIdentifier>{C3DAB25A-2F9B-2E91-F8D5-770E6455736D}</UniqueIdentifier>
    </Filter>
    <Filter Include="Public\Layers\Overlays">
      <UniqueIdentifier>{47EEFA50-33E8-23A3-1C55-BAB308EE890F}</UniqueIdentifier>
    </Filter>
    <Filter Include="Public\Windows">
      <UniqueIdentifier>{BE6EB011-AA3C-A417-93D0-143E7F3D807C}</UniqueIdentifier>
    </Filter>
    <Filter Include="Public\Windows\Structs">
      <UniqueIdentifier>{E543B91A-D13D-E26C-BAAA-787DA64348D9}</UniqueIdentifier>
    </Filter>
  </ItemGroup>
  <ItemGroup>
    <ClInclude Include="Source\Public\Application.h">
      <Filter>Public</Filter>
    </ClInclude>
    <ClInclude Include="Source\Public\Core.h">
      <Filter>Public</Filter>
    </ClInclude>
    <ClInclude Include="Source\Public\EntryPoint.h">
      <Filter>Public</Filter>
    </ClInclude>
    <ClInclude Include="Source\Public\EventData\ButtonActionEventData.h">
      <Filter>Public\EventData</Filter>
    </ClInclude>
    <ClInclude Include="Source\Public\EventData\CharEventData.h">
      <Filter>Public\EventData</Filter>
    </ClInclude>
    <ClInclude Include="Source\Public\EventData\EventDataBase.h">
      <Filter>Public\EventData</Filter>
    </ClInclude>
    <ClInclude Include="Source\Public\EventData\MouseMoveEventData.h">
      <Filter>Public\EventData</Filter>
    </ClInclude>
    <ClInclude Include="Source\Public\EventData\MouseScrollEventData.h">
      <Filter>Public\EventData</Filter>
    </ClInclude>
    <ClInclude Include="Source\Public\EventData\WindowClosedEventData.h">
      <Filter>Public\EventData</Filter>
    </ClInclude>
    <ClInclude Include="Source\Public\EventData\WindowResizedEvenetData.h">
      <Filter>Public\EventData</Filter>
    </ClInclude>
    <ClInclude Include="Source\Public\Events\MulticastDelegate.h">
      <Filter>Public\Events</Filter>
    </ClInclude>
    <ClInclude Include="Source\Public\ImGui\ImGuiOpenGLRenderer.h">
      <Filter>Public\ImGui</Filter>
    </ClInclude>
    <ClInclude Include="Source\Public\Layers\ImGuiLayer.h">
      <Filter>Public\Layers</Filter>
    </ClInclude>
    <ClInclude Include="Source\Public\Layers\LayerBase.h">
      <Filter>Public\Layers</Filter>
    </ClInclude>
    <ClInclude Include="Source\Public\Layers\Overlays\OverlayBase.h">
      <Filter>Public\Layers\Overlays</Filter>
    </ClInclude>
    <ClInclude Include="Source\Public\Log.h">
      <Filter>Public</Filter>
    </ClInclude>
    <ClInclude Include="Source\Public\PCH.h">
      <Filter>Public</Filter>
    </ClInclude>
    <ClInclude Include="Source\Public\Windows\Structs\WindowData.h">
      <Filter>Public\Windows\Structs</Filter>
    </ClInclude>
    <ClInclude Include="Source\Public\Windows\Structs\WindowProps.h">
      <Filter>Public\Windows\Structs</Filter>
    </ClInclude>
    <ClInclude Include="Source\Public\Windows\WindowBase.h">
      <Filter>Public\Windows</Filter>
    </ClInclude>
    <ClInclude Include="Source\Public\Windows\WindowsWindow.h">
      <Filter>Public\Windows</Filter>
    </ClInclude>
  </ItemGroup>
  <ItemGroup>
    <ClCompile Include="Source\Private\Application.cpp">
      <Filter>Private</Filter>
    </ClCompile>
    <ClCompile Include="Source\Private\ImGui\ImGuiOpenGLRenderer.cpp">
      <Filter>Private\ImGui</Filter>
    </ClCompile>
    <ClCompile Include="Source\Private\Layers\ImGuiLayer.cpp">
      <Filter>Private\Layers</Filter>
    </ClCompile>
    <ClCompile Include="Source\Private\Log.cpp">
      <Filter>Private</Filter>
    </ClCompile>
    <ClCompile Include="Source\Private\PCH.cpp">
      <Filter>Private</Filter>
    </ClCompile>
    <ClCompile Include="Source\Private\Windows\WindowBase.cpp">
      <Filter>Private\Windows</Filter>
    </ClCompile>
    <ClCompile Include="Source\Private\Windows\WindowsWindow.cpp">
      <Filter>Private\Windows</Filter>
    </ClCompile>
  </ItemGroup>
</Project>