<?xml version="1.0" encoding="utf-8"?>
<Project ToolsVersion="4.0" xmlns="http://schemas.microsoft.com/developer/msbuild/2003">
  <ItemGroup>
    <Filter Include="Private">
      <UniqueIdentifier>{001F8D23-6CFE-0BBF-7516-9795E1747220}</UniqueIdentifier>
    </Filter>
    <Filter Include="Private\Events">
      <UniqueIdentifier>{E4EA29C7-D0B8-1DCD-B94C-8EF3A5B9F931}</UniqueIdentifier>
    </Filter>
    <Filter Include="Private\Events\KeyboardEvents">
      <UniqueIdentifier>{597F4017-C597-2741-8E44-B7DAFA1BBCDA}</UniqueIdentifier>
    </Filter>
    <Filter Include="Private\Events\MouseEvents">
      <UniqueIdentifier>{B1BAD39C-9DCA-7F6D-0684-E48BF2B26E06}</UniqueIdentifier>
    </Filter>
    <Filter Include="Private\Events\WindowEvents">
      <UniqueIdentifier>{00E05FE3-6CED-8DC9-F5D3-89B461E05980}</UniqueIdentifier>
    </Filter>
    <Filter Include="Private\Windows">
      <UniqueIdentifier>{3AC949F8-A654-B7BC-AF65-3AB11B7013BD}</UniqueIdentifier>
    </Filter>
    <Filter Include="Public">
      <UniqueIdentifier>{8480F8CA-7022-23A1-59DD-36F5451EAAF1}</UniqueIdentifier>
    </Filter>
    <Filter Include="Public\Events">
      <UniqueIdentifier>{E8EFCF4B-54B0-4B82-1DEB-94FF896A905E}</UniqueIdentifier>
    </Filter>
    <Filter Include="Public\Events\KeyboardEvents">
      <UniqueIdentifier>{DD7BB8E5-C936-A891-72EE-20DC5E88F221}</UniqueIdentifier>
    </Filter>
    <Filter Include="Public\Events\MouseEvents">
      <UniqueIdentifier>{B5652563-2128-59ED-6AD8-E779D6D931CB}</UniqueIdentifier>
    </Filter>
    <Filter Include="Public\Events\WindowEvents">
      <UniqueIdentifier>{84EBE673-70FB-9244-D9B4-F762C5E381DD}</UniqueIdentifier>
    </Filter>
    <Filter Include="Public\Windows">
      <UniqueIdentifier>{BE6EB011-AA3C-A417-93D0-143E7F3D807C}</UniqueIdentifier>
    </Filter>
    <Filter Include="Public\Windows\Structs">
      <UniqueIdentifier>{E543B91A-D13D-E26C-BAAA-787DA64348D9}</UniqueIdentifier>
    </Filter>
  </ItemGroup>
  <ItemGroup>
    <ClInclude Include="Source\Public\Application.h">
      <Filter>Public</Filter>
    </ClInclude>
    <ClInclude Include="Source\Public\Core.h">
      <Filter>Public</Filter>
    </ClInclude>
    <ClInclude Include="Source\Public\EntryPoint.h">
      <Filter>Public</Filter>
    </ClInclude>
    <ClInclude Include="Source\Public\Events\Event.h">
      <Filter>Public\Events</Filter>
    </ClInclude>
    <ClInclude Include="Source\Public\Events\KeyboardEvents\KeyboardButtonPressed.h">
      <Filter>Public\Events\KeyboardEvents</Filter>
    </ClInclude>
    <ClInclude Include="Source\Public\Events\KeyboardEvents\KeyboardButtonReleased.h">
      <Filter>Public\Events\KeyboardEvents</Filter>
    </ClInclude>
    <ClInclude Include="Source\Public\Events\KeyboardEvents\KeyboardEvent.h">
      <Filter>Public\Events\KeyboardEvents</Filter>
    </ClInclude>
    <ClInclude Include="Source\Public\Events\MouseEvents\MouseKeyEvent.h">
      <Filter>Public\Events\MouseEvents</Filter>
    </ClInclude>
    <ClInclude Include="Source\Public\Events\MouseEvents\MouseMovedEvent.h">
      <Filter>Public\Events\MouseEvents</Filter>
    </ClInclude>
    <ClInclude Include="Source\Public\Events\MouseEvents\MousePressedEvent.h">
      <Filter>Public\Events\MouseEvents</Filter>
    </ClInclude>
    <ClInclude Include="Source\Public\Events\MouseEvents\MouseReleasedEvent.h">
      <Filter>Public\Events\MouseEvents</Filter>
    </ClInclude>
    <ClInclude Include="Source\Public\Events\MouseEvents\MouseScrolledEvent.h">
      <Filter>Public\Events\MouseEvents</Filter>
    </ClInclude>
    <ClInclude Include="Source\Public\Events\WindowEvents\WindowClosedEvent.h">
      <Filter>Public\Events\WindowEvents</Filter>
    </ClInclude>
    <ClInclude Include="Source\Public\Events\WindowEvents\WindowResizedEvent.h">
      <Filter>Public\Events\WindowEvents</Filter>
    </ClInclude>
    <ClInclude Include="Source\Public\Log.h">
      <Filter>Public</Filter>
    </ClInclude>
    <ClInclude Include="Source\Public\PCH.h">
      <Filter>Public</Filter>
    </ClInclude>
    <ClInclude Include="Source\Public\Windows\Structs\WindowData.h">
      <Filter>Public\Windows\Structs</Filter>
    </ClInclude>
    <ClInclude Include="Source\Public\Windows\Structs\WindowProps.h">
      <Filter>Public\Windows\Structs</Filter>
    </ClInclude>
    <ClInclude Include="Source\Public\Windows\WindowBase.h">
      <Filter>Public\Windows</Filter>
    </ClInclude>
    <ClInclude Include="Source\Public\Windows\WindowsWindow.h">
      <Filter>Public\Windows</Filter>
    </ClInclude>
    <ClInclude Include="Source\Public\Events\MulticastDelegate.h" />
  </ItemGroup>
  <ItemGroup>
    <ClCompile Include="Source\Private\Application.cpp">
      <Filter>Private</Filter>
    </ClCompile>
    <ClCompile Include="Source\Private\Events\Event.cpp">
      <Filter>Private\Events</Filter>
    </ClCompile>
    <ClCompile Include="Source\Private\Events\KeyboardEvents\KeyboardButtonPressed.cpp">
      <Filter>Private\Events\KeyboardEvents</Filter>
    </ClCompile>
    <ClCompile Include="Source\Private\Events\KeyboardEvents\KeyboardButtonReleased.cpp">
      <Filter>Private\Events\KeyboardEvents</Filter>
    </ClCompile>
    <ClCompile Include="Source\Private\Events\KeyboardEvents\KeyboardEvent.cpp">
      <Filter>Private\Events\KeyboardEvents</Filter>
    </ClCompile>
    <ClCompile Include="Source\Private\Events\MouseEvents\MouseKeyEvent.cpp">
      <Filter>Private\Events\MouseEvents</Filter>
    </ClCompile>
    <ClCompile Include="Source\Private\Events\MouseEvents\MouseMovedEvent.cpp">
      <Filter>Private\Events\MouseEvents</Filter>
    </ClCompile>
    <ClCompile Include="Source\Private\Events\MouseEvents\MousePressedEvent.cpp">
      <Filter>Private\Events\MouseEvents</Filter>
    </ClCompile>
    <ClCompile Include="Source\Private\Events\MouseEvents\MouseReleasedEvent.cpp">
      <Filter>Private\Events\MouseEvents</Filter>
    </ClCompile>
    <ClCompile Include="Source\Private\Events\MouseEvents\MouseScrolledEvent.cpp">
      <Filter>Private\Events\MouseEvents</Filter>
    </ClCompile>
    <ClCompile Include="Source\Private\Events\WindowEvents\WindowClosedEvent.cpp">
      <Filter>Private\Events\WindowEvents</Filter>
    </ClCompile>
    <ClCompile Include="Source\Private\Events\WindowEvents\WindowResizedEvent.cpp">
      <Filter>Private\Events\WindowEvents</Filter>
    </ClCompile>
    <ClCompile Include="Source\Private\Log.cpp">
      <Filter>Private</Filter>
    </ClCompile>
    <ClCompile Include="Source\Private\PCH.cpp">
      <Filter>Private</Filter>
    </ClCompile>
    <ClCompile Include="Source\Private\Windows\WindowsWindow.cpp">
      <Filter>Private\Windows</Filter>
    </ClCompile>
    <ClCompile Include="Source\Private\Windows\WindowBase.cpp" />
  </ItemGroup>
</Project>